// !$*UTF8*$!
{
	archiveVersion = 1;
	classes = {
	};
	objectVersion = 56;
	objects = {

/* Begin PBXBuildFile section */
		BD0C26862BF6BED100F8D1F0 /* AppDelegate.swift in Sources */ = {isa = PBXBuildFile; fileRef = BD0C26852BF6BED100F8D1F0 /* AppDelegate.swift */; };
		BD0C26882BF6BED100F8D1F0 /* SceneDelegate.swift in Sources */ = {isa = PBXBuildFile; fileRef = BD0C26872BF6BED100F8D1F0 /* SceneDelegate.swift */; };
		BD0C268A2BF6BED100F8D1F0 /* ViewController.swift in Sources */ = {isa = PBXBuildFile; fileRef = BD0C26892BF6BED100F8D1F0 /* ViewController.swift */; };
		BD0C268D2BF6BED100F8D1F0 /* Base in Resources */ = {isa = PBXBuildFile; fileRef = BD0C268C2BF6BED100F8D1F0 /* Base */; };
		BD0C268F2BF6BED200F8D1F0 /* Assets.xcassets in Resources */ = {isa = PBXBuildFile; fileRef = BD0C268E2BF6BED200F8D1F0 /* Assets.xcassets */; };
		BD0C26922BF6BED200F8D1F0 /* Base in Resources */ = {isa = PBXBuildFile; fileRef = BD0C26912BF6BED200F8D1F0 /* Base */; };
		BD0C269D2BF6BED300F8D1F0 /* InstagramAppTests.swift in Sources */ = {isa = PBXBuildFile; fileRef = BD0C269C2BF6BED300F8D1F0 /* InstagramAppTests.swift */; };
		BD0C26A72BF6BED300F8D1F0 /* InstagramAppUITests.swift in Sources */ = {isa = PBXBuildFile; fileRef = BD0C26A62BF6BED300F8D1F0 /* InstagramAppUITests.swift */; };
		BD0C26A92BF6BED300F8D1F0 /* InstagramAppUITestsLaunchTests.swift in Sources */ = {isa = PBXBuildFile; fileRef = BD0C26A82BF6BED300F8D1F0 /* InstagramAppUITestsLaunchTests.swift */; };
/* End PBXBuildFile section */

/* Begin PBXContainerItemProxy section */
		BD0C26992BF6BED300F8D1F0 /* PBXContainerItemProxy */ = {
			isa = PBXContainerItemProxy;
			containerPortal = BD0C267A2BF6BED100F8D1F0 /* Project object */;
			proxyType = 1;
			remoteGlobalIDString = BD0C26812BF6BED100F8D1F0;
			remoteInfo = InstagramApp;
		};
		BD0C26A32BF6BED300F8D1F0 /* PBXContainerItemProxy */ = {
			isa = PBXContainerItemProxy;
			containerPortal = BD0C267A2BF6BED100F8D1F0 /* Project object */;
			proxyType = 1;
			remoteGlobalIDString = BD0C26812BF6BED100F8D1F0;
			remoteInfo = InstagramApp;
		};
/* End PBXContainerItemProxy section */

/* Begin PBXFileReference section */
		BD0C26822BF6BED100F8D1F0 /* InstagramApp.app */ = {isa = PBXFileReference; explicitFileType = wrapper.application; includeInIndex = 0; path = InstagramApp.app; sourceTree = BUILT_PRODUCTS_DIR; };
		BD0C26852BF6BED100F8D1F0 /* AppDelegate.swift */ = {isa = PBXFileReference; lastKnownFileType = sourcecode.swift; path = AppDelegate.swift; sourceTree = "<group>"; };
		BD0C26872BF6BED100F8D1F0 /* SceneDelegate.swift */ = {isa = PBXFileReference; lastKnownFileType = sourcecode.swift; path = SceneDelegate.swift; sourceTree = "<group>"; };
		BD0C26892BF6BED100F8D1F0 /* ViewController.swift */ = {isa = PBXFileReference; lastKnownFileType = sourcecode.swift; path = ViewController.swift; sourceTree = "<group>"; };
		BD0C268C2BF6BED100F8D1F0 /* Base */ = {isa = PBXFileReference; lastKnownFileType = file.storyboard; name = Base; path = Base.lproj/Main.storyboard; sourceTree = "<group>"; };
		BD0C268E2BF6BED200F8D1F0 /* Assets.xcassets */ = {isa = PBXFileReference; lastKnownFileType = folder.assetcatalog; path = Assets.xcassets; sourceTree = "<group>"; };
		BD0C26912BF6BED200F8D1F0 /* Base */ = {isa = PBXFileReference; lastKnownFileType = file.storyboard; name = Base; path = Base.lproj/LaunchScreen.storyboard; sourceTree = "<group>"; };
		BD0C26932BF6BED200F8D1F0 /* Info.plist */ = {isa = PBXFileReference; lastKnownFileType = text.plist.xml; path = Info.plist; sourceTree = "<group>"; };
		BD0C26982BF6BED300F8D1F0 /* InstagramAppTests.xctest */ = {isa = PBXFileReference; explicitFileType = wrapper.cfbundle; includeInIndex = 0; path = InstagramAppTests.xctest; sourceTree = BUILT_PRODUCTS_DIR; };
		BD0C269C2BF6BED300F8D1F0 /* InstagramAppTests.swift */ = {isa = PBXFileReference; lastKnownFileType = sourcecode.swift; path = InstagramAppTests.swift; sourceTree = "<group>"; };
		BD0C26A22BF6BED300F8D1F0 /* InstagramAppUITests.xctest */ = {isa = PBXFileReference; explicitFileType = wrapper.cfbundle; includeInIndex = 0; path = InstagramAppUITests.xctest; sourceTree = BUILT_PRODUCTS_DIR; };
		BD0C26A62BF6BED300F8D1F0 /* InstagramAppUITests.swift */ = {isa = PBXFileReference; lastKnownFileType = sourcecode.swift; path = InstagramAppUITests.swift; sourceTree = "<group>"; };
		BD0C26A82BF6BED300F8D1F0 /* InstagramAppUITestsLaunchTests.swift */ = {isa = PBXFileReference; lastKnownFileType = sourcecode.swift; path = InstagramAppUITestsLaunchTests.swift; sourceTree = "<group>"; };
/* End PBXFileReference section */

/* Begin PBXFrameworksBuildPhase section */
		BD0C267F2BF6BED100F8D1F0 /* Frameworks */ = {
			isa = PBXFrameworksBuildPhase;
			buildActionMask = 2147483647;
			files = (
			);
			runOnlyForDeploymentPostprocessing = 0;
		};
		BD0C26952BF6BED300F8D1F0 /* Frameworks */ = {
			isa = PBXFrameworksBuildPhase;
			buildActionMask = 2147483647;
			files = (
			);
			runOnlyForDeploymentPostprocessing = 0;
		};
		BD0C269F2BF6BED300F8D1F0 /* Frameworks */ = {
			isa = PBXFrameworksBuildPhase;
			buildActionMask = 2147483647;
			files = (
			);
			runOnlyForDeploymentPostprocessing = 0;
		};
/* End PBXFrameworksBuildPhase section */

/* Begin PBXGroup section */
		BD0C26792BF6BED100F8D1F0 = {
			isa = PBXGroup;
			children = (
				BD0C26842BF6BED100F8D1F0 /* InstagramApp */,
				BD0C269B2BF6BED300F8D1F0 /* InstagramAppTests */,
				BD0C26A52BF6BED300F8D1F0 /* InstagramAppUITests */,
				BD0C26832BF6BED100F8D1F0 /* Products */,
			);
			sourceTree = "<group>";
		};
		BD0C26832BF6BED100F8D1F0 /* Products */ = {
			isa = PBXGroup;
			children = (
				BD0C26822BF6BED100F8D1F0 /* InstagramApp.app */,
				BD0C26982BF6BED300F8D1F0 /* InstagramAppTests.xctest */,
				BD0C26A22BF6BED300F8D1F0 /* InstagramAppUITests.xctest */,
			);
			name = Products;
			sourceTree = "<group>";
		};
		BD0C26842BF6BED100F8D1F0 /* InstagramApp */ = {
			isa = PBXGroup;
			children = (
				BD0C26852BF6BED100F8D1F0 /* AppDelegate.swift */,
				BD0C26872BF6BED100F8D1F0 /* SceneDelegate.swift */,
				BD0C26892BF6BED100F8D1F0 /* ViewController.swift */,
				BD0C268B2BF6BED100F8D1F0 /* Main.storyboard */,
				BD0C268E2BF6BED200F8D1F0 /* Assets.xcassets */,
				BD0C26902BF6BED200F8D1F0 /* LaunchScreen.storyboard */,
				BD0C26932BF6BED200F8D1F0 /* Info.plist */,
			);
			path = InstagramApp;
			sourceTree = "<group>";
		};
		BD0C269B2BF6BED300F8D1F0 /* InstagramAppTests */ = {
			isa = PBXGroup;
			children = (
				BD0C269C2BF6BED300F8D1F0 /* InstagramAppTests.swift */,
			);
			path = InstagramAppTests;
			sourceTree = "<group>";
		};
		BD0C26A52BF6BED300F8D1F0 /* InstagramAppUITests */ = {
			isa = PBXGroup;
			children = (
				BD0C26A62BF6BED300F8D1F0 /* InstagramAppUITests.swift */,
				BD0C26A82BF6BED300F8D1F0 /* InstagramAppUITestsLaunchTests.swift */,
			);
			path = InstagramAppUITests;
			sourceTree = "<group>";
		};
/* End PBXGroup section */

/* Begin PBXNativeTarget section */
		BD0C26812BF6BED100F8D1F0 /* InstagramApp */ = {
			isa = PBXNativeTarget;
			buildConfigurationList = BD0C26AC2BF6BED300F8D1F0 /* Build configuration list for PBXNativeTarget "InstagramApp" */;
			buildPhases = (
				BD0C267E2BF6BED100F8D1F0 /* Sources */,
				BD0C267F2BF6BED100F8D1F0 /* Frameworks */,
				BD0C26802BF6BED100F8D1F0 /* Resources */,
			);
			buildRules = (
			);
			dependencies = (
			);
			name = InstagramApp;
			productName = InstagramApp;
			productReference = BD0C26822BF6BED100F8D1F0 /* InstagramApp.app */;
			productType = "com.apple.product-type.application";
		};
		BD0C26972BF6BED300F8D1F0 /* InstagramAppTests */ = {
			isa = PBXNativeTarget;
			buildConfigurationList = BD0C26AF2BF6BED300F8D1F0 /* Build configuration list for PBXNativeTarget "InstagramAppTests" */;
			buildPhases = (
				BD0C26942BF6BED300F8D1F0 /* Sources */,
				BD0C26952BF6BED300F8D1F0 /* Frameworks */,
				BD0C26962BF6BED300F8D1F0 /* Resources */,
			);
			buildRules = (
			);
			dependencies = (
				BD0C269A2BF6BED300F8D1F0 /* PBXTargetDependency */,
			);
			name = InstagramAppTests;
			productName = InstagramAppTests;
			productReference = BD0C26982BF6BED300F8D1F0 /* InstagramAppTests.xctest */;
			productType = "com.apple.product-type.bundle.unit-test";
		};
		BD0C26A12BF6BED300F8D1F0 /* InstagramAppUITests */ = {
			isa = PBXNativeTarget;
			buildConfigurationList = BD0C26B22BF6BED300F8D1F0 /* Build configuration list for PBXNativeTarget "InstagramAppUITests" */;
			buildPhases = (
				BD0C269E2BF6BED300F8D1F0 /* Sources */,
				BD0C269F2BF6BED300F8D1F0 /* Frameworks */,
				BD0C26A02BF6BED300F8D1F0 /* Resources */,
			);
			buildRules = (
			);
			dependencies = (
				BD0C26A42BF6BED300F8D1F0 /* PBXTargetDependency */,
			);
			name = InstagramAppUITests;
			productName = InstagramAppUITests;
			productReference = BD0C26A22BF6BED300F8D1F0 /* InstagramAppUITests.xctest */;
			productType = "com.apple.product-type.bundle.ui-testing";
		};
/* End PBXNativeTarget section */

/* Begin PBXProject section */
		BD0C267A2BF6BED100F8D1F0 /* Project object */ = {
			isa = PBXProject;
			attributes = {
				BuildIndependentTargetsInParallel = 1;
				LastSwiftUpdateCheck = 1530;
				LastUpgradeCheck = 1530;
				TargetAttributes = {
					BD0C26812BF6BED100F8D1F0 = {
						CreatedOnToolsVersion = 15.3;
					};
					BD0C26972BF6BED300F8D1F0 = {
						CreatedOnToolsVersion = 15.3;
						TestTargetID = BD0C26812BF6BED100F8D1F0;
					};
					BD0C26A12BF6BED300F8D1F0 = {
						CreatedOnToolsVersion = 15.3;
						TestTargetID = BD0C26812BF6BED100F8D1F0;
					};
				};
			};
			buildConfigurationList = BD0C267D2BF6BED100F8D1F0 /* Build configuration list for PBXProject "InstagramApp" */;
			compatibilityVersion = "Xcode 14.0";
			developmentRegion = en;
			hasScannedForEncodings = 0;
			knownRegions = (
				en,
				Base,
			);
			mainGroup = BD0C26792BF6BED100F8D1F0;
			productRefGroup = BD0C26832BF6BED100F8D1F0 /* Products */;
			projectDirPath = "";
			projectRoot = "";
			targets = (
				BD0C26812BF6BED100F8D1F0 /* InstagramApp */,
				BD0C26972BF6BED300F8D1F0 /* InstagramAppTests */,
				BD0C26A12BF6BED300F8D1F0 /* InstagramAppUITests */,
			);
		};
/* End PBXProject section */

/* Begin PBXResourcesBuildPhase section */
		BD0C26802BF6BED100F8D1F0 /* Resources */ = {
			isa = PBXResourcesBuildPhase;
			buildActionMask = 2147483647;
			files = (
				BD0C268F2BF6BED200F8D1F0 /* Assets.xcassets in Resources */,
				BD0C26922BF6BED200F8D1F0 /* Base in Resources */,
				BD0C268D2BF6BED100F8D1F0 /* Base in Resources */,
			);
			runOnlyForDeploymentPostprocessing = 0;
		};
		BD0C26962BF6BED300F8D1F0 /* Resources */ = {
			isa = PBXResourcesBuildPhase;
			buildActionMask = 2147483647;
			files = (
			);
			runOnlyForDeploymentPostprocessing = 0;
		};
		BD0C26A02BF6BED300F8D1F0 /* Resources */ = {
			isa = PBXResourcesBuildPhase;
			buildActionMask = 2147483647;
			files = (
			);
			runOnlyForDeploymentPostprocessing = 0;
		};
/* End PBXResourcesBuildPhase section */

/* Begin PBXSourcesBuildPhase section */
		BD0C267E2BF6BED100F8D1F0 /* Sources */ = {
			isa = PBXSourcesBuildPhase;
			buildActionMask = 2147483647;
			files = (
				BD0C268A2BF6BED100F8D1F0 /* ViewController.swift in Sources */,
				BD0C26862BF6BED100F8D1F0 /* AppDelegate.swift in Sources */,
				BD0C26882BF6BED100F8D1F0 /* SceneDelegate.swift in Sources */,
			);
			runOnlyForDeploymentPostprocessing = 0;
		};
		BD0C26942BF6BED300F8D1F0 /* Sources */ = {
			isa = PBXSourcesBuildPhase;
			buildActionMask = 2147483647;
			files = (
				BD0C269D2BF6BED300F8D1F0 /* InstagramAppTests.swift in Sources */,
			);
			runOnlyForDeploymentPostprocessing = 0;
		};
		BD0C269E2BF6BED300F8D1F0 /* Sources */ = {
			isa = PBXSourcesBuildPhase;
			buildActionMask = 2147483647;
			files = (
				BD0C26A72BF6BED300F8D1F0 /* InstagramAppUITests.swift in Sources */,
				BD0C26A92BF6BED300F8D1F0 /* InstagramAppUITestsLaunchTests.swift in Sources */,
			);
			runOnlyForDeploymentPostprocessing = 0;
		};
/* End PBXSourcesBuildPhase section */

/* Begin PBXTargetDependency section */
		BD0C269A2BF6BED300F8D1F0 /* PBXTargetDependency */ = {
			isa = PBXTargetDependency;
			target = BD0C26812BF6BED100F8D1F0 /* InstagramApp */;
			targetProxy = BD0C26992BF6BED300F8D1F0 /* PBXContainerItemProxy */;
		};
		BD0C26A42BF6BED300F8D1F0 /* PBXTargetDependency */ = {
			isa = PBXTargetDependency;
			target = BD0C26812BF6BED100F8D1F0 /* InstagramApp */;
			targetProxy = BD0C26A32BF6BED300F8D1F0 /* PBXContainerItemProxy */;
		};
/* End PBXTargetDependency section */

/* Begin PBXVariantGroup section */
		BD0C268B2BF6BED100F8D1F0 /* Main.storyboard */ = {
			isa = PBXVariantGroup;
			children = (
				BD0C268C2BF6BED100F8D1F0 /* Base */,
			);
			name = Main.storyboard;
			sourceTree = "<group>";
		};
		BD0C26902BF6BED200F8D1F0 /* LaunchScreen.storyboard */ = {
			isa = PBXVariantGroup;
			children = (
				BD0C26912BF6BED200F8D1F0 /* Base */,
			);
			name = LaunchScreen.storyboard;
			sourceTree = "<group>";
		};
/* End PBXVariantGroup section */

/* Begin XCBuildConfiguration section */
		BD0C26AA2BF6BED300F8D1F0 /* Debug */ = {
			isa = XCBuildConfiguration;
			buildSettings = {
				ALWAYS_SEARCH_USER_PATHS = NO;
				ASSETCATALOG_COMPILER_GENERATE_SWIFT_ASSET_SYMBOL_EXTENSIONS = YES;
				CLANG_ANALYZER_NONNULL = YES;
				CLANG_ANALYZER_NUMBER_OBJECT_CONVERSION = YES_AGGRESSIVE;
				CLANG_CXX_LANGUAGE_STANDARD = "gnu++20";
				CLANG_ENABLE_MODULES = YES;
				CLANG_ENABLE_OBJC_ARC = YES;
				CLANG_ENABLE_OBJC_WEAK = YES;
				CLANG_WARN_BLOCK_CAPTURE_AUTORELEASING = YES;
				CLANG_WARN_BOOL_CONVERSION = YES;
				CLANG_WARN_COMMA = YES;
				CLANG_WARN_CONSTANT_CONVERSION = YES;
				CLANG_WARN_DEPRECATED_OBJC_IMPLEMENTATIONS = YES;
				CLANG_WARN_DIRECT_OBJC_ISA_USAGE = YES_ERROR;
				CLANG_WARN_DOCUMENTATION_COMMENTS = YES;
				CLANG_WARN_EMPTY_BODY = YES;
				CLANG_WARN_ENUM_CONVERSION = YES;
				CLANG_WARN_INFINITE_RECURSION = YES;
				CLANG_WARN_INT_CONVERSION = YES;
				CLANG_WARN_NON_LITERAL_NULL_CONVERSION = YES;
				CLANG_WARN_OBJC_IMPLICIT_RETAIN_SELF = YES;
				CLANG_WARN_OBJC_LITERAL_CONVERSION = YES;
				CLANG_WARN_OBJC_ROOT_CLASS = YES_ERROR;
				CLANG_WARN_QUOTED_INCLUDE_IN_FRAMEWORK_HEADER = YES;
				CLANG_WARN_RANGE_LOOP_ANALYSIS = YES;
				CLANG_WARN_STRICT_PROTOTYPES = YES;
				CLANG_WARN_SUSPICIOUS_MOVE = YES;
				CLANG_WARN_UNGUARDED_AVAILABILITY = YES_AGGRESSIVE;
				CLANG_WARN_UNREACHABLE_CODE = YES;
				CLANG_WARN__DUPLICATE_METHOD_MATCH = YES;
				COPY_PHASE_STRIP = NO;
				DEBUG_INFORMATION_FORMAT = dwarf;
				ENABLE_STRICT_OBJC_MSGSEND = YES;
				ENABLE_TESTABILITY = YES;
				ENABLE_USER_SCRIPT_SANDBOXING = YES;
				GCC_C_LANGUAGE_STANDARD = gnu17;
				GCC_DYNAMIC_NO_PIC = NO;
				GCC_NO_COMMON_BLOCKS = YES;
				GCC_OPTIMIZATION_LEVEL = 0;
				GCC_PREPROCESSOR_DEFINITIONS = (
					"DEBUG=1",
					"$(inherited)",
				);
				GCC_WARN_64_TO_32_BIT_CONVERSION = YES;
				GCC_WARN_ABOUT_RETURN_TYPE = YES_ERROR;
				GCC_WARN_UNDECLARED_SELECTOR = YES;
				GCC_WARN_UNINITIALIZED_AUTOS = YES_AGGRESSIVE;
				GCC_WARN_UNUSED_FUNCTION = YES;
				GCC_WARN_UNUSED_VARIABLE = YES;
				IPHONEOS_DEPLOYMENT_TARGET = 17.4;
				LOCALIZATION_PREFERS_STRING_CATALOGS = YES;
				MTL_ENABLE_DEBUG_INFO = INCLUDE_SOURCE;
				MTL_FAST_MATH = YES;
				ONLY_ACTIVE_ARCH = YES;
				SDKROOT = iphoneos;
				SWIFT_ACTIVE_COMPILATION_CONDITIONS = "DEBUG $(inherited)";
				SWIFT_OPTIMIZATION_LEVEL = "-Onone";
			};
			name = Debug;
		};
		BD0C26AB2BF6BED300F8D1F0 /* Release */ = {
			isa = XCBuildConfiguration;
			buildSettings = {
				ALWAYS_SEARCH_USER_PATHS = NO;
				ASSETCATALOG_COMPILER_GENERATE_SWIFT_ASSET_SYMBOL_EXTENSIONS = YES;
				CLANG_ANALYZER_NONNULL = YES;
				CLANG_ANALYZER_NUMBER_OBJECT_CONVERSION = YES_AGGRESSIVE;
				CLANG_CXX_LANGUAGE_STANDARD = "gnu++20";
				CLANG_ENABLE_MODULES = YES;
				CLANG_ENABLE_OBJC_ARC = YES;
				CLANG_ENABLE_OBJC_WEAK = YES;
				CLANG_WARN_BLOCK_CAPTURE_AUTORELEASING = YES;
				CLANG_WARN_BOOL_CONVERSION = YES;
				CLANG_WARN_COMMA = YES;
				CLANG_WARN_CONSTANT_CONVERSION = YES;
				CLANG_WARN_DEPRECATED_OBJC_IMPLEMENTATIONS = YES;
				CLANG_WARN_DIRECT_OBJC_ISA_USAGE = YES_ERROR;
				CLANG_WARN_DOCUMENTATION_COMMENTS = YES;
				CLANG_WARN_EMPTY_BODY = YES;
				CLANG_WARN_ENUM_CONVERSION = YES;
				CLANG_WARN_INFINITE_RECURSION = YES;
				CLANG_WARN_INT_CONVERSION = YES;
				CLANG_WARN_NON_LITERAL_NULL_CONVERSION = YES;
				CLANG_WARN_OBJC_IMPLICIT_RETAIN_SELF = YES;
				CLANG_WARN_OBJC_LITERAL_CONVERSION = YES;
				CLANG_WARN_OBJC_ROOT_CLASS = YES_ERROR;
				CLANG_WARN_QUOTED_INCLUDE_IN_FRAMEWORK_HEADER = YES;
				CLANG_WARN_RANGE_LOOP_ANALYSIS = YES;
				CLANG_WARN_STRICT_PROTOTYPES = YES;
				CLANG_WARN_SUSPICIOUS_MOVE = YES;
				CLANG_WARN_UNGUARDED_AVAILABILITY = YES_AGGRESSIVE;
				CLANG_WARN_UNREACHABLE_CODE = YES;
				CLANG_WARN__DUPLICATE_METHOD_MATCH = YES;
				COPY_PHASE_STRIP = NO;
				DEBUG_INFORMATION_FORMAT = "dwarf-with-dsym";
				ENABLE_NS_ASSERTIONS = NO;
				ENABLE_STRICT_OBJC_MSGSEND = YES;
				ENABLE_USER_SCRIPT_SANDBOXING = YES;
				GCC_C_LANGUAGE_STANDARD = gnu17;
				GCC_NO_COMMON_BLOCKS = YES;
				GCC_WARN_64_TO_32_BIT_CONVERSION = YES;
				GCC_WARN_ABOUT_RETURN_TYPE = YES_ERROR;
				GCC_WARN_UNDECLARED_SELECTOR = YES;
				GCC_WARN_UNINITIALIZED_AUTOS = YES_AGGRESSIVE;
				GCC_WARN_UNUSED_FUNCTION = YES;
				GCC_WARN_UNUSED_VARIABLE = YES;
				IPHONEOS_DEPLOYMENT_TARGET = 17.4;
				LOCALIZATION_PREFERS_STRING_CATALOGS = YES;
				MTL_ENABLE_DEBUG_INFO = NO;
				MTL_FAST_MATH = YES;
				SDKROOT = iphoneos;
				SWIFT_COMPILATION_MODE = wholemodule;
				VALIDATE_PRODUCT = YES;
			};
			name = Release;
		};
		BD0C26AD2BF6BED300F8D1F0 /* Debug */ = {
			isa = XCBuildConfiguration;
			buildSettings = {
				ASSETCATALOG_COMPILER_APPICON_NAME = AppIcon;
				ASSETCATALOG_COMPILER_GLOBAL_ACCENT_COLOR_NAME = AccentColor;
				CODE_SIGN_STYLE = Automatic;
				CURRENT_PROJECT_VERSION = 1;
				GENERATE_INFOPLIST_FILE = YES;
				INFOPLIST_FILE = InstagramApp/Info.plist;
				INFOPLIST_KEY_UIApplicationSupportsIndirectInputEvents = YES;
				INFOPLIST_KEY_UILaunchStoryboardName = LaunchScreen;
				INFOPLIST_KEY_UIMainStoryboardFile = Main;
				INFOPLIST_KEY_UISupportedInterfaceOrientations_iPad = "UIInterfaceOrientationPortrait UIInterfaceOrientationPortraitUpsideDown UIInterfaceOrientationLandscapeLeft UIInterfaceOrientationLandscapeRight";
				INFOPLIST_KEY_UISupportedInterfaceOrientations_iPhone = "UIInterfaceOrientationPortrait UIInterfaceOrientationLandscapeLeft UIInterfaceOrientationLandscapeRight";
				LD_RUNPATH_SEARCH_PATHS = (
					"$(inherited)",
					"@executable_path/Frameworks",
				);
				MARKETING_VERSION = 1.0;
				PRODUCT_BUNDLE_IDENTIFIER = com.plexustechnology.InstagramApp;
				PRODUCT_NAME = "$(TARGET_NAME)";
				SWIFT_EMIT_LOC_STRINGS = YES;
				SWIFT_VERSION = 5.0;
				TARGETED_DEVICE_FAMILY = "1,2";
			};
			name = Debug;
		};
		BD0C26AE2BF6BED300F8D1F0 /* Release */ = {
			isa = XCBuildConfiguration;
			buildSettings = {
				ASSETCATALOG_COMPILER_APPICON_NAME = AppIcon;
				ASSETCATALOG_COMPILER_GLOBAL_ACCENT_COLOR_NAME = AccentColor;
				CODE_SIGN_STYLE = Automatic;
				CURRENT_PROJECT_VERSION = 1;
				GENERATE_INFOPLIST_FILE = YES;
				INFOPLIST_FILE = InstagramApp/Info.plist;
				INFOPLIST_KEY_UIApplicationSupportsIndirectInputEvents = YES;
				INFOPLIST_KEY_UILaunchStoryboardName = LaunchScreen;
				INFOPLIST_KEY_UIMainStoryboardFile = Main;
				INFOPLIST_KEY_UISupportedInterfaceOrientations_iPad = "UIInterfaceOrientationPortrait UIInterfaceOrientationPortraitUpsideDown UIInterfaceOrientationLandscapeLeft UIInterfaceOrientationLandscapeRight";
				INFOPLIST_KEY_UISupportedInterfaceOrientations_iPhone = "UIInterfaceOrientationPortrait UIInterfaceOrientationLandscapeLeft UIInterfaceOrientationLandscapeRight";
				LD_RUNPATH_SEARCH_PATHS = (
					"$(inherited)",
					"@executable_path/Frameworks",
				);
				MARKETING_VERSION = 1.0;
				PRODUCT_BUNDLE_IDENTIFIER = com.plexustechnology.InstagramApp;
				PRODUCT_NAME = "$(TARGET_NAME)";
				SWIFT_EMIT_LOC_STRINGS = YES;
				SWIFT_VERSION = 5.0;
				TARGETED_DEVICE_FAMILY = "1,2";
			};
			name = Release;
		};
		BD0C26B02BF6BED300F8D1F0 /* Debug */ = {
			isa = XCBuildConfiguration;
			buildSettings = {
				ALWAYS_EMBED_SWIFT_STANDARD_LIBRARIES = YES;
				BUNDLE_LOADER = "$(TEST_HOST)";
				CODE_SIGN_STYLE = Automatic;
				CURRENT_PROJECT_VERSION = 1;
				GENERATE_INFOPLIST_FILE = YES;
				IPHONEOS_DEPLOYMENT_TARGET = 17.4;
				MARKETING_VERSION = 1.0;
				PRODUCT_BUNDLE_IDENTIFIER = com.plexustechnology.InstagramAppTests;
				PRODUCT_NAME = "$(TARGET_NAME)";
				SWIFT_EMIT_LOC_STRINGS = NO;
				SWIFT_VERSION = 5.0;
				TARGETED_DEVICE_FAMILY = "1,2";
				TEST_HOST = "$(BUILT_PRODUCTS_DIR)/InstagramApp.app/$(BUNDLE_EXECUTABLE_FOLDER_PATH)/InstagramApp";
			};
			name = Debug;
		};
		BD0C26B12BF6BED300F8D1F0 /* Release */ = {
			isa = XCBuildConfiguration;
			buildSettings = {
				ALWAYS_EMBED_SWIFT_STANDARD_LIBRARIES = YES;
				BUNDLE_LOADER = "$(TEST_HOST)";
				CODE_SIGN_STYLE = Automatic;
				CURRENT_PROJECT_VERSION = 1;
				GENERATE_INFOPLIST_FILE = YES;
				IPHONEOS_DEPLOYMENT_TARGET = 17.4;
				MARKETING_VERSION = 1.0;
				PRODUCT_BUNDLE_IDENTIFIER = com.plexustechnology.InstagramAppTests;
				PRODUCT_NAME = "$(TARGET_NAME)";
				SWIFT_EMIT_LOC_STRINGS = NO;
				SWIFT_VERSION = 5.0;
				TARGETED_DEVICE_FAMILY = "1,2";
				TEST_HOST = "$(BUILT_PRODUCTS_DIR)/InstagramApp.app/$(BUNDLE_EXECUTABLE_FOLDER_PATH)/InstagramApp";
			};
			name = Release;
		};
		BD0C26B32BF6BED300F8D1F0 /* Debug */ = {
			isa = XCBuildConfiguration;
			buildSettings = {
				ALWAYS_EMBED_SWIFT_STANDARD_LIBRARIES = YES;
				CODE_SIGN_STYLE = Automatic;
				CURRENT_PROJECT_VERSION = 1;
				GENERATE_INFOPLIST_FILE = YES;
				MARKETING_VERSION = 1.0;
				PRODUCT_BUNDLE_IDENTIFIER = com.plexustechnology.InstagramAppUITests;
				PRODUCT_NAME = "$(TARGET_NAME)";
				SWIFT_EMIT_LOC_STRINGS = NO;
				SWIFT_VERSION = 5.0;
				TARGETED_DEVICE_FAMILY = "1,2";
				TEST_TARGET_NAME = InstagramApp;
			};
			name = Debug;
		};
		BD0C26B42BF6BED300F8D1F0 /* Release */ = {
			isa = XCBuildConfiguration;
			buildSettings = {
				ALWAYS_EMBED_SWIFT_STANDARD_LIBRARIES = YES;
				CODE_SIGN_STYLE = Automatic;
				CURRENT_PROJECT_VERSION = 1;
				GENERATE_INFOPLIST_FILE = YES;
				MARKETING_VERSION = 1.0;
				PRODUCT_BUNDLE_IDENTIFIER = com.plexustechnology.InstagramAppUITests;
				PRODUCT_NAME = "$(TARGET_NAME)";
				SWIFT_EMIT_LOC_STRINGS = NO;
				SWIFT_VERSION = 5.0;
				TARGETED_DEVICE_FAMILY = "1,2";
				TEST_TARGET_NAME = InstagramApp;
			};
			name = Release;
		};
/* End XCBuildConfiguration section */

/* Begin XCConfigurationList section */
		BD0C267D2BF6BED100F8D1F0 /* Build configuration list for PBXProject "InstagramApp" */ = {
			isa = XCConfigurationList;
			buildConfigurations = (
				BD0C26AA2BF6BED300F8D1F0 /* Debug */,
				BD0C26AB2BF6BED300F8D1F0 /* Release */,
			);
			defaultConfigurationIsVisible = 0;
			defaultConfigurationName = Release;
		};
		BD0C26AC2BF6BED300F8D1F0 /* Build configuration list for PBXNativeTarget "InstagramApp" */ = {
			isa = XCConfigurationList;
			buildConfigurations = (
				BD0C26AD2BF6BED300F8D1F0 /* Debug */,
				BD0C26AE2BF6BED300F8D1F0 /* Release */,
			);
			defaultConfigurationIsVisible = 0;
			defaultConfigurationName = Release;
		};
		BD0C26AF2BF6BED300F8D1F0 /* Build configuration list for PBXNativeTarget "InstagramAppTests" */ = {
			isa = XCConfigurationList;
			buildConfigurations = (
				BD0C26B02BF6BED300F8D1F0 /* Debug */,
				BD0C26B12BF6BED300F8D1F0 /* Release */,
			);
			defaultConfigurationIsVisible = 0;
			defaultConfigurationName = Release;
		};
		BD0C26B22BF6BED300F8D1F0 /* Build configuration list for PBXNativeTarget "InstagramAppUITests" */ = {
			isa = XCConfigurationList;
			buildConfigurations = (
				BD0C26B32BF6BED300F8D1F0 /* Debug */,
				BD0C26B42BF6BED300F8D1F0 /* Release */,
			);
			defaultConfigurationIsVisible = 0;
			defaultConfigurationName = Release;
		};
/* End XCConfigurationList section */
	};
	rootObject = BD0C267A2BF6BED100F8D1F0 /* Project object */;
}
